
Microsoft Visual Studio Solution File, Format Version 12.00
# Visual Studio Version 17
VisualStudioVersion = 17.4.33110.190
MinimumVisualStudioVersion = 10.0.40219.1
Project("{FAE04EC0-301F-11D3-BF4B-00C04F79EFBC}") = "PresentaciónCompilador", "PresentaciónCompilador\PresentaciónCompilador.csproj", "{F44DAFE3-A67E-4940-A429-5532DD743965}"
EndProject
Project("{FAE04EC0-301F-11D3-BF4B-00C04F79EFBC}") = "Entidades", "Entidades\Entidades.csproj", "{BC428002-5A3C-4877-9BFB-3BC5EA968E19}"
EndProject
Project("{FAE04EC0-301F-11D3-BF4B-00C04F79EFBC}") = "Manejador", "Manejador\Manejador.csproj", "{34028F5C-2F4E-433E-AEBA-D5617299E8C1}"
EndProject
Global
	GlobalSection(SolutionConfigurationPlatforms) = preSolution
		Debug|Any CPU = Debug|Any CPU
		Release|Any CPU = Release|Any CPU
	EndGlobalSection
	GlobalSection(ProjectConfigurationPlatforms) = postSolution
		{F44DAFE3-A67E-4940-A429-5532DD743965}.Debug|Any CPU.ActiveCfg = Debug|Any CPU
		{F44DAFE3-A67E-4940-A429-5532DD743965}.Debug|Any CPU.Build.0 = Debug|Any CPU
		{F44DAFE3-A67E-4940-A429-5532DD743965}.Release|Any CPU.ActiveCfg = Release|Any CPU
		{F44DAFE3-A67E-4940-A429-5532DD743965}.Release|Any CPU.Build.0 = Release|Any CPU
		{BC428002-5A3C-4877-9BFB-3BC5EA968E19}.Debug|Any CPU.ActiveCfg = Debug|Any CPU
		{BC428002-5A3C-4877-9BFB-3BC5EA968E19}.Debug|Any CPU.Build.0 = Debug|Any CPU
		{BC428002-5A3C-4877-9BFB-3BC5EA968E19}.Release|Any CPU.ActiveCfg = Release|Any CPU
		{BC428002-5A3C-4877-9BFB-3BC5EA968E19}.Release|Any CPU.Build.0 = Release|Any CPU
		{34028F5C-2F4E-433E-AEBA-D5617299E8C1}.Debug|Any CPU.ActiveCfg = Debug|Any CPU
		{34028F5C-2F4E-433E-AEBA-D5617299E8C1}.Debug|Any CPU.Build.0 = Debug|Any CPU
		{34028F5C-2F4E-433E-AEBA-D5617299E8C1}.Release|Any CPU.ActiveCfg = Release|Any CPU
		{34028F5C-2F4E-433E-AEBA-D5617299E8C1}.Release|Any CPU.Build.0 = Release|Any CPU
	EndGlobalSection
	GlobalSection(SolutionProperties) = preSolution
		HideSolutionNode = FALSE
	EndGlobalSection
	GlobalSection(ExtensibilityGlobals) = postSolution
		SolutionGuid = {C4FE2721-E4D2-4264-8681-E80FBC411F18}
	EndGlobalSection
EndGlobal
